
Microsoft Visual Studio Solution File, Format Version 12.00
# Visual Studio Version 17
VisualStudioVersion = 17.5.33516.290
MinimumVisualStudioVersion = 10.0.40219.1
Project("{8BC9CEB8-8B4A-11D0-8D11-00A0C91BC942}") = "Project2", "Project2.vcxproj", "{FA30590F-7FC3-4D03-8BE2-A834A9571CC8}"
EndProject
Global
	GlobalSection(SolutionConfigurationPlatforms) = preSolution
		Debug|x64 = Debug|x64
		Debug|x86 = Debug|x86
		Release|x64 = Release|x64
		Release|x86 = Release|x86
	EndGlobalSection
	GlobalSection(ProjectConfigurationPlatforms) = postSolution
		{FA30590F-7FC3-4D03-8BE2-A834A9571CC8}.Debug|x64.ActiveCfg = Debug|x64
		{FA30590F-7FC3-4D03-8BE2-A834A9571CC8}.Debug|x64.Build.0 = Debug|x64
		{FA30590F-7FC3-4D03-8BE2-A834A9571CC8}.Debug|x86.ActiveCfg = Debug|Win32
		{FA30590F-7FC3-4D03-8BE2-A834A9571CC8}.Debug|x86.Build.0 = Debug|Win32
		{FA30590F-7FC3-4D03-8BE2-A834A9571CC8}.Release|x64.ActiveCfg = Release|x64
		{FA30590F-7FC3-4D03-8BE2-A834A9571CC8}.Release|x64.Build.0 = Release|x64
		{FA30590F-7FC3-4D03-8BE2-A834A9571CC8}.Release|x86.ActiveCfg = Release|Win32
		{FA30590F-7FC3-4D03-8BE2-A834A9571CC8}.Release|x86.Build.0 = Release|Win32
	EndGlobalSection
	GlobalSection(SolutionProperties) = preSolution
		HideSolutionNode = FALSE
	EndGlobalSection
	GlobalSection(ExtensibilityGlobals) = postSolution
		SolutionGuid = {F535A98A-1D4B-447A-A711-E17A68B1C7C0}
	EndGlobalSection
EndGlobal
